
Microsoft Visual Studio Solution File, Format Version 12.00
# Visual Studio Version 16
VisualStudioVersion = 16.0.30621.155
MinimumVisualStudioVersion = 10.0.40219.1
Project("{FAE04EC0-301F-11D3-BF4B-00C04F79EFBC}") = "Robots_Vs_Dinosaurs", "Robots_Vs_Dinosaurs.csproj", "{7F894D22-40D4-4FBC-A605-8FC546F3B850}"
EndProject
Global
	GlobalSection(SolutionConfigurationPlatforms) = preSolution
		Debug|Any CPU = Debug|Any CPU
		Release|Any CPU = Release|Any CPU
	EndGlobalSection
	GlobalSection(ProjectConfigurationPlatforms) = postSolution
		{7F894D22-40D4-4FBC-A605-8FC546F3B850}.Debug|Any CPU.ActiveCfg = Debug|Any CPU
		{7F894D22-40D4-4FBC-A605-8FC546F3B850}.Debug|Any CPU.Build.0 = Debug|Any CPU
		{7F894D22-40D4-4FBC-A605-8FC546F3B850}.Release|Any CPU.ActiveCfg = Release|Any CPU
		{7F894D22-40D4-4FBC-A605-8FC546F3B850}.Release|Any CPU.Build.0 = Release|Any CPU
	EndGlobalSection
	GlobalSection(SolutionProperties) = preSolution
		HideSolutionNode = FALSE
	EndGlobalSection
	GlobalSection(ExtensibilityGlobals) = postSolution
		SolutionGuid = {0DF5F45F-418F-4C19-8DDE-AB8281F80019}
	EndGlobalSection
EndGlobal
